// !$*UTF8*$!
{
	archiveVersion = 1;
	classes = {
	};
	objectVersion = 46;
	objects = {

/* Begin PBXBuildFile section */
		8844407F1E5EC0C1006838DE /* main.m in Sources */ = {isa = PBXBuildFile; fileRef = 8844407E1E5EC0C1006838DE /* main.m */; };
		884440821E5EC0C1006838DE /* AppDelegate.m in Sources */ = {isa = PBXBuildFile; fileRef = 884440811E5EC0C1006838DE /* AppDelegate.m */; };
		884440851E5EC0C1006838DE /* ViewController.m in Sources */ = {isa = PBXBuildFile; fileRef = 884440841E5EC0C1006838DE /* ViewController.m */; };
		884440881E5EC0C1006838DE /* Main.storyboard in Resources */ = {isa = PBXBuildFile; fileRef = 884440861E5EC0C1006838DE /* Main.storyboard */; };
		8844408A1E5EC0C1006838DE /* Assets.xcassets in Resources */ = {isa = PBXBuildFile; fileRef = 884440891E5EC0C1006838DE /* Assets.xcassets */; };
		8844408D1E5EC0C1006838DE /* LaunchScreen.storyboard in Resources */ = {isa = PBXBuildFile; fileRef = 8844408B1E5EC0C1006838DE /* LaunchScreen.storyboard */; };
		884440981E5EC27B006838DE /* WSDatePickerView.m in Sources */ = {isa = PBXBuildFile; fileRef = 884440961E5EC27B006838DE /* WSDatePickerView.m */; };
		884440991E5EC27B006838DE /* WSDatePickerView.xib in Resources */ = {isa = PBXBuildFile; fileRef = 884440971E5EC27B006838DE /* WSDatePickerView.xib */; };
		8844409E1E5EC282006838DE /* NSDate+Extension.m in Sources */ = {isa = PBXBuildFile; fileRef = 8844409B1E5EC282006838DE /* NSDate+Extension.m */; };
		8844409F1E5EC282006838DE /* UIView+Extension.m in Sources */ = {isa = PBXBuildFile; fileRef = 8844409D1E5EC282006838DE /* UIView+Extension.m */; };
/* End PBXBuildFile section */

/* Begin PBXFileReference section */
		8844407A1E5EC0C1006838DE /* DatePicker.app */ = {isa = PBXFileReference; explicitFileType = wrapper.application; includeInIndex = 0; path = DatePicker.app; sourceTree = BUILT_PRODUCTS_DIR; };
		8844407E1E5EC0C1006838DE /* main.m */ = {isa = PBXFileReference; lastKnownFileType = sourcecode.c.objc; path = main.m; sourceTree = "<group>"; };
		884440801E5EC0C1006838DE /* AppDelegate.h */ = {isa = PBXFileReference; lastKnownFileType = sourcecode.c.h; path = AppDelegate.h; sourceTree = "<group>"; };
		884440811E5EC0C1006838DE /* AppDelegate.m */ = {isa = PBXFileReference; lastKnownFileType = sourcecode.c.objc; path = AppDelegate.m; sourceTree = "<group>"; };
		884440831E5EC0C1006838DE /* ViewController.h */ = {isa = PBXFileReference; lastKnownFileType = sourcecode.c.h; path = ViewController.h; sourceTree = "<group>"; };
		884440841E5EC0C1006838DE /* ViewController.m */ = {isa = PBXFileReference; lastKnownFileType = sourcecode.c.objc; path = ViewController.m; sourceTree = "<group>"; };
		884440871E5EC0C1006838DE /* Base */ = {isa = PBXFileReference; lastKnownFileType = file.storyboard; name = Base; path = Base.lproj/Main.storyboard; sourceTree = "<group>"; };
		884440891E5EC0C1006838DE /* Assets.xcassets */ = {isa = PBXFileReference; lastKnownFileType = folder.assetcatalog; path = Assets.xcassets; sourceTree = "<group>"; };
		8844408C1E5EC0C1006838DE /* Base */ = {isa = PBXFileReference; lastKnownFileType = file.storyboard; name = Base; path = Base.lproj/LaunchScreen.storyboard; sourceTree = "<group>"; };
		8844408E1E5EC0C1006838DE /* Info.plist */ = {isa = PBXFileReference; lastKnownFileType = text.plist.xml; path = Info.plist; sourceTree = "<group>"; };
		884440951E5EC27B006838DE /* WSDatePickerView.h */ = {isa = PBXFileReference; fileEncoding = 4; lastKnownFileType = sourcecode.c.h; path = WSDatePickerView.h; sourceTree = "<group>"; };
		884440961E5EC27B006838DE /* WSDatePickerView.m */ = {isa = PBXFileReference; fileEncoding = 4; lastKnownFileType = sourcecode.c.objc; path = WSDatePickerView.m; sourceTree = "<group>"; };
		884440971E5EC27B006838DE /* WSDatePickerView.xib */ = {isa = PBXFileReference; fileEncoding = 4; lastKnownFileType = file.xib; path = WSDatePickerView.xib; sourceTree = "<group>"; };
		8844409A1E5EC282006838DE /* NSDate+Extension.h */ = {isa = PBXFileReference; fileEncoding = 4; lastKnownFileType = sourcecode.c.h; path = "NSDate+Extension.h"; sourceTree = "<group>"; };
		8844409B1E5EC282006838DE /* NSDate+Extension.m */ = {isa = PBXFileReference; fileEncoding = 4; lastKnownFileType = sourcecode.c.objc; path = "NSDate+Extension.m"; sourceTree = "<group>"; };
		8844409C1E5EC282006838DE /* UIView+Extension.h */ = {isa = PBXFileReference; fileEncoding = 4; lastKnownFileType = sourcecode.c.h; path = "UIView+Extension.h"; sourceTree = "<group>"; };
		8844409D1E5EC282006838DE /* UIView+Extension.m */ = {isa = PBXFileReference; fileEncoding = 4; lastKnownFileType = sourcecode.c.objc; path = "UIView+Extension.m"; sourceTree = "<group>"; };
/* End PBXFileReference section */

/* Begin PBXFrameworksBuildPhase section */
		884440771E5EC0C1006838DE /* Frameworks */ = {
			isa = PBXFrameworksBuildPhase;
			buildActionMask = 2147483647;
			files = (
			);
			runOnlyForDeploymentPostprocessing = 0;
		};
/* End PBXFrameworksBuildPhase section */

/* Begin PBXGroup section */
		884440711E5EC0C1006838DE = {
			isa = PBXGroup;
			children = (
				8844407C1E5EC0C1006838DE /* DatePicker */,
				8844407B1E5EC0C1006838DE /* Products */,
			);
			sourceTree = "<group>";
		};
		8844407B1E5EC0C1006838DE /* Products */ = {
			isa = PBXGroup;
			children = (
				8844407A1E5EC0C1006838DE /* DatePicker.app */,
			);
			name = Products;
			sourceTree = "<group>";
		};
		8844407C1E5EC0C1006838DE /* DatePicker */ = {
			isa = PBXGroup;
			children = (
				884440801E5EC0C1006838DE /* AppDelegate.h */,
				884440811E5EC0C1006838DE /* AppDelegate.m */,
				884440831E5EC0C1006838DE /* ViewController.h */,
				884440841E5EC0C1006838DE /* ViewController.m */,
				884440941E5EC269006838DE /* WSDaePickerView */,
				884440861E5EC0C1006838DE /* Main.storyboard */,
				884440891E5EC0C1006838DE /* Assets.xcassets */,
				8844408B1E5EC0C1006838DE /* LaunchScreen.storyboard */,
				8844408E1E5EC0C1006838DE /* Info.plist */,
				8844407D1E5EC0C1006838DE /* Supporting Files */,
			);
			path = DatePicker;
			sourceTree = "<group>";
		};
		8844407D1E5EC0C1006838DE /* Supporting Files */ = {
			isa = PBXGroup;
			children = (
				8844407E1E5EC0C1006838DE /* main.m */,
			);
			name = "Supporting Files";
			sourceTree = "<group>";
		};
		884440941E5EC269006838DE /* WSDaePickerView */ = {
			isa = PBXGroup;
			children = (
				884440951E5EC27B006838DE /* WSDatePickerView.h */,
				884440961E5EC27B006838DE /* WSDatePickerView.m */,
				884440971E5EC27B006838DE /* WSDatePickerView.xib */,
				8844409A1E5EC282006838DE /* NSDate+Extension.h */,
				8844409B1E5EC282006838DE /* NSDate+Extension.m */,
				8844409C1E5EC282006838DE /* UIView+Extension.h */,
				8844409D1E5EC282006838DE /* UIView+Extension.m */,
			);
			path = WSDaePickerView;
			sourceTree = "<group>";
		};
/* End PBXGroup section */

/* Begin PBXNativeTarget section */
		884440791E5EC0C1006838DE /* DatePicker */ = {
			isa = PBXNativeTarget;
			buildConfigurationList = 884440911E5EC0C1006838DE /* Build configuration list for PBXNativeTarget "DatePicker" */;
			buildPhases = (
				884440761E5EC0C1006838DE /* Sources */,
				884440771E5EC0C1006838DE /* Frameworks */,
				884440781E5EC0C1006838DE /* Resources */,
			);
			buildRules = (
			);
			dependencies = (
			);
			name = DatePicker;
			productName = DatePicker;
			productReference = 8844407A1E5EC0C1006838DE /* DatePicker.app */;
			productType = "com.apple.product-type.application";
		};
/* End PBXNativeTarget section */

/* Begin PBXProject section */
		884440721E5EC0C1006838DE /* Project object */ = {
			isa = PBXProject;
			attributes = {
				LastUpgradeCheck = 0730;
				ORGANIZATIONNAME = zws;
				TargetAttributes = {
					884440791E5EC0C1006838DE = {
						CreatedOnToolsVersion = 7.3.1;
					};
				};
			};
			buildConfigurationList = 884440751E5EC0C1006838DE /* Build configuration list for PBXProject "DatePicker" */;
			compatibilityVersion = "Xcode 3.2";
			developmentRegion = English;
			hasScannedForEncodings = 0;
			knownRegions = (
				en,
				Base,
			);
			mainGroup = 884440711E5EC0C1006838DE;
			productRefGroup = 8844407B1E5EC0C1006838DE /* Products */;
			projectDirPath = "";
			projectRoot = "";
			targets = (
				884440791E5EC0C1006838DE /* DatePicker */,
			);
		};
/* End PBXProject section */

/* Begin PBXResourcesBuildPhase section */
		884440781E5EC0C1006838DE /* Resources */ = {
			isa = PBXResourcesBuildPhase;
			buildActionMask = 2147483647;
			files = (
				8844408D1E5EC0C1006838DE /* LaunchScreen.storyboard in Resources */,
				8844408A1E5EC0C1006838DE /* Assets.xcassets in Resources */,
				884440991E5EC27B006838DE /* WSDatePickerView.xib in Resources */,
				884440881E5EC0C1006838DE /* Main.storyboard in Resources */,
			);
			runOnlyForDeploymentPostprocessing = 0;
		};
/* End PBXResourcesBuildPhase section */

/* Begin PBXSourcesBuildPhase section */
		884440761E5EC0C1006838DE /* Sources */ = {
			isa = PBXSourcesBuildPhase;
			buildActionMask = 2147483647;
			files = (
				8844409F1E5EC282006838DE /* UIView+Extension.m in Sources */,
				884440851E5EC0C1006838DE /* ViewController.m in Sources */,
				8844409E1E5EC282006838DE /* NSDate+Extension.m in Sources */,
				884440821E5EC0C1006838DE /* AppDelegate.m in Sources */,
				884440981E5EC27B006838DE /* WSDatePickerView.m in Sources */,
				8844407F1E5EC0C1006838DE /* main.m in Sources */,
			);
			runOnlyForDeploymentPostprocessing = 0;
		};
/* End PBXSourcesBuildPhase section */

/* Begin PBXVariantGroup section */
		884440861E5EC0C1006838DE /* Main.storyboard */ = {
			isa = PBXVariantGroup;
			children = (
				884440871E5EC0C1006838DE /* Base */,
			);
			name = Main.storyboard;
			sourceTree = "<group>";
		};
		8844408B1E5EC0C1006838DE /* LaunchScreen.storyboard */ = {
			isa = PBXVariantGroup;
			children = (
				8844408C1E5EC0C1006838DE /* Base */,
			);
			name = LaunchScreen.storyboard;
			sourceTree = "<group>";
		};
/* End PBXVariantGroup section */

/* Begin XCBuildConfiguration section */
		8844408F1E5EC0C1006838DE /* Debug */ = {
			isa = XCBuildConfiguration;
			buildSettings = {
				ALWAYS_SEARCH_USER_PATHS = NO;
				CLANG_ANALYZER_NONNULL = YES;
				CLANG_CXX_LANGUAGE_STANDARD = "gnu++0x";
				CLANG_CXX_LIBRARY = "libc++";
				CLANG_ENABLE_MODULES = YES;
				CLANG_ENABLE_OBJC_ARC = YES;
				CLANG_WARN_BOOL_CONVERSION = YES;
				CLANG_WARN_CONSTANT_CONVERSION = YES;
				CLANG_WARN_DIRECT_OBJC_ISA_USAGE = YES_ERROR;
				CLANG_WARN_EMPTY_BODY = YES;
				CLANG_WARN_ENUM_CONVERSION = YES;
				CLANG_WARN_INT_CONVERSION = YES;
				CLANG_WARN_OBJC_ROOT_CLASS = YES_ERROR;
				CLANG_WARN_UNREACHABLE_CODE = YES;
				CLANG_WARN__DUPLICATE_METHOD_MATCH = YES;
				"CODE_SIGN_IDENTITY[sdk=iphoneos*]" = "iPhone Developer";
				COPY_PHASE_STRIP = NO;
				DEBUG_INFORMATION_FORMAT = dwarf;
				ENABLE_STRICT_OBJC_MSGSEND = YES;
				ENABLE_TESTABILITY = YES;
				GCC_C_LANGUAGE_STANDARD = gnu99;
				GCC_DYNAMIC_NO_PIC = NO;
				GCC_NO_COMMON_BLOCKS = YES;
				GCC_OPTIMIZATION_LEVEL = 0;
				GCC_PREPROCESSOR_DEFINITIONS = (
					"DEBUG=1",
					"$(inherited)",
				);
				GCC_WARN_64_TO_32_BIT_CONVERSION = YES;
				GCC_WARN_ABOUT_RETURN_TYPE = YES_ERROR;
				GCC_WARN_UNDECLARED_SELECTOR = YES;
				GCC_WARN_UNINITIALIZED_AUTOS = YES_AGGRESSIVE;
				GCC_WARN_UNUSED_FUNCTION = YES;
				GCC_WARN_UNUSED_VARIABLE = YES;
				IPHONEOS_DEPLOYMENT_TARGET = 9.3;
				MTL_ENABLE_DEBUG_INFO = YES;
				ONLY_ACTIVE_ARCH = YES;
				SDKROOT = iphoneos;
			};
			name = Debug;
		};
		884440901E5EC0C1006838DE /* Release */ = {
			isa = XCBuildConfiguration;
			buildSettings = {
				ALWAYS_SEARCH_USER_PATHS = NO;
				CLANG_ANALYZER_NONNULL = YES;
				CLANG_CXX_LANGUAGE_STANDARD = "gnu++0x";
				CLANG_CXX_LIBRARY = "libc++";
				CLANG_ENABLE_MODULES = YES;
				CLANG_ENABLE_OBJC_ARC = YES;
				CLANG_WARN_BOOL_CONVERSION = YES;
				CLANG_WARN_CONSTANT_CONVERSION = YES;
				CLANG_WARN_DIRECT_OBJC_ISA_USAGE = YES_ERROR;
				CLANG_WARN_EMPTY_BODY = YES;
				CLANG_WARN_ENUM_CONVERSION = YES;
				CLANG_WARN_INT_CONVERSION = YES;
				CLANG_WARN_OBJC_ROOT_CLASS = YES_ERROR;
				CLANG_WARN_UNREACHABLE_CODE = YES;
				CLANG_WARN__DUPLICATE_METHOD_MATCH = YES;
				"CODE_SIGN_IDENTITY[sdk=iphoneos*]" = "iPhone Developer";
				COPY_PHASE_STRIP = NO;
				DEBUG_INFORMATION_FORMAT = "dwarf-with-dsym";
				ENABLE_NS_ASSERTIONS = NO;
				ENABLE_STRICT_OBJC_MSGSEND = YES;
				GCC_C_LANGUAGE_STANDARD = gnu99;
				GCC_NO_COMMON_BLOCKS = YES;
				GCC_WARN_64_TO_32_BIT_CONVERSION = YES;
				GCC_WARN_ABOUT_RETURN_TYPE = YES_ERROR;
				GCC_WARN_UNDECLARED_SELECTOR = YES;
				GCC_WARN_UNINITIALIZED_AUTOS = YES_AGGRESSIVE;
				GCC_WARN_UNUSED_FUNCTION = YES;
				GCC_WARN_UNUSED_VARIABLE = YES;
				IPHONEOS_DEPLOYMENT_TARGET = 9.3;
				MTL_ENABLE_DEBUG_INFO = NO;
				SDKROOT = iphoneos;
				VALIDATE_PRODUCT = YES;
			};
			name = Release;
		};
		884440921E5EC0C1006838DE /* Debug */ = {
			isa = XCBuildConfiguration;
			buildSettings = {
				ASSETCATALOG_COMPILER_APPICON_NAME = AppIcon;
				INFOPLIST_FILE = DatePicker/Info.plist;
				LD_RUNPATH_SEARCH_PATHS = "$(inherited) @executable_path/Frameworks";
				PRODUCT_BUNDLE_IDENTIFIER = com.sinfotek.DatePicker;
				PRODUCT_NAME = "$(TARGET_NAME)";
			};
			name = Debug;
		};
		884440931E5EC0C1006838DE /* Release */ = {
			isa = XCBuildConfiguration;
			buildSettings = {
				ASSETCATALOG_COMPILER_APPICON_NAME = AppIcon;
				INFOPLIST_FILE = DatePicker/Info.plist;
				LD_RUNPATH_SEARCH_PATHS = "$(inherited) @executable_path/Frameworks";
				PRODUCT_BUNDLE_IDENTIFIER = com.sinfotek.DatePicker;
				PRODUCT_NAME = "$(TARGET_NAME)";
			};
			name = Release;
		};
/* End XCBuildConfiguration section */

/* Begin XCConfigurationList section */
		884440751E5EC0C1006838DE /* Build configuration list for PBXProject "DatePicker" */ = {
			isa = XCConfigurationList;
			buildConfigurations = (
				8844408F1E5EC0C1006838DE /* Debug */,
				884440901E5EC0C1006838DE /* Release */,
			);
			defaultConfigurationIsVisible = 0;
			defaultConfigurationName = Release;
		};
		884440911E5EC0C1006838DE /* Build configuration list for PBXNativeTarget "DatePicker" */ = {
			isa = XCConfigurationList;
			buildConfigurations = (
				884440921E5EC0C1006838DE /* Debug */,
				884440931E5EC0C1006838DE /* Release */,
			);
			defaultConfigurationIsVisible = 0;
		};
/* End XCConfigurationList section */
	};
	rootObject = 884440721E5EC0C1006838DE /* Project object */;
}
